// !$*UTF8*$!
{
	archiveVersion = 1;
	classes = {
	};
	objectVersion = 70;
	objects = {

/* Begin PBXBuildFile section */
		1F0009722CE119BD00F7BFD6 /* Coordinator.swift in Sources */ = {isa = PBXBuildFile; fileRef = 1F0009712CE119BA00F7BFD6 /* Coordinator.swift */; };
		1F0009742CE11A7700F7BFD6 /* MainTabView.swift in Sources */ = {isa = PBXBuildFile; fileRef = 1F0009732CE11A7400F7BFD6 /* MainTabView.swift */; };
		1F0009B12CE130AA00F7BFD6 /* StoreManager.swift in Sources */ = {isa = PBXBuildFile; fileRef = 1F0009B02CE130A200F7BFD6 /* StoreManager.swift */; };
		1F0009B32CE130D700F7BFD6 /* NNSNotificationName+Extensions.swift in Sources */ = {isa = PBXBuildFile; fileRef = 1F0009B22CE130CF00F7BFD6 /* NNSNotificationName+Extensions.swift */; };
		1F0009B62CE1403800F7BFD6 /* Kingfisher in Frameworks */ = {isa = PBXBuildFile; productRef = 1F0009B52CE1403800F7BFD6 /* Kingfisher */; };
		1F0009D62CE1452300F7BFD6 /* Storyboard+Extensions.swift in Sources */ = {isa = PBXBuildFile; fileRef = 1F0009D52CE1452300F7BFD6 /* Storyboard+Extensions.swift */; };
		1F0009DB2CE14B4100F7BFD6 /* CoreDataManager.swift in Sources */ = {isa = PBXBuildFile; fileRef = 1F0009DA2CE14B3D00F7BFD6 /* CoreDataManager.swift */; };
		1F1C43E02CE28F260036D340 /* ClothesStoreData.xcdatamodeld in Sources */ = {isa = PBXBuildFile; fileRef = 1F1C43DE2CE28F260036D340 /* ClothesStoreData.xcdatamodeld */; };
		1F8B76742CE2BAF100CF2AE1 /* MockStoreManager.swift in Sources */ = {isa = PBXBuildFile; fileRef = 1F8B76732CE2BAED00CF2AE1 /* MockStoreManager.swift */; };
		1F8B767B2CE2BCED00CF2AE1 /* Container.swift in Sources */ = {isa = PBXBuildFile; fileRef = 1F8B767A2CE2BCE900CF2AE1 /* Container.swift */; };
		1F8B767E2CE2BD0B00CF2AE1 /* Factory in Frameworks */ = {isa = PBXBuildFile; productRef = 1F8B767D2CE2BD0B00CF2AE1 /* Factory */; };
		1FA11E2F2CE2B42F0049A487 /* MockCoreDataManager.swift in Sources */ = {isa = PBXBuildFile; fileRef = 1FA11E2E2CE2B4290049A487 /* MockCoreDataManager.swift */; };
		1FE5C0A22CE2D5C300BF4C21 /* String+Extensions.swift in Sources */ = {isa = PBXBuildFile; fileRef = 1FE5C0A12CE2D5C300BF4C21 /* String+Extensions.swift */; };
		1FE5C0A62CE2D5F800BF4C21 /* Localizable.strings in Resources */ = {isa = PBXBuildFile; fileRef = 1FE5C0A42CE2D5F800BF4C21 /* Localizable.strings */; };
		BE5F27F822F035AF00F2C97D /* AppDelegate.swift in Sources */ = {isa = PBXBuildFile; fileRef = BE5F27F722F035AF00F2C97D /* AppDelegate.swift */; };
		BE5F280122F035B100F2C97D /* Assets.xcassets in Resources */ = {isa = PBXBuildFile; fileRef = BE5F280022F035B100F2C97D /* Assets.xcassets */; };
		BE5F280422F035B100F2C97D /* LaunchScreen.storyboard in Resources */ = {isa = PBXBuildFile; fileRef = BE5F280222F035B100F2C97D /* LaunchScreen.storyboard */; };
		BE5F280C22F05C3E00F2C97D /* DataService.swift in Sources */ = {isa = PBXBuildFile; fileRef = BE5F280B22F05C3E00F2C97D /* DataService.swift */; };
		BE5F280E22F05C8600F2C97D /* Product.swift in Sources */ = {isa = PBXBuildFile; fileRef = BE5F280D22F05C8600F2C97D /* Product.swift */; };
		BE5F281022F05D0300F2C97D /* Constants.swift in Sources */ = {isa = PBXBuildFile; fileRef = BE5F280F22F05D0300F2C97D /* Constants.swift */; };
		BE5F281222F05FFA00F2C97D /* CurrencyHelpers.swift in Sources */ = {isa = PBXBuildFile; fileRef = BE5F281122F05FFA00F2C97D /* CurrencyHelpers.swift */; };
		BE5F281422F068C500F2C97D /* UIView+Extensions.swift in Sources */ = {isa = PBXBuildFile; fileRef = BE5F281322F068C500F2C97D /* UIView+Extensions.swift */; };
		BE5F282222F19C0300F2C97D /* HapticFeedback.swift in Sources */ = {isa = PBXBuildFile; fileRef = BE5F282122F19C0200F2C97D /* HapticFeedback.swift */; };
		BE5F282422F1A13600F2C97D /* HUD.swift in Sources */ = {isa = PBXBuildFile; fileRef = BE5F282322F1A13600F2C97D /* HUD.swift */; };
/* End PBXBuildFile section */

/* Begin PBXContainerItemProxy section */
		1FA11E6E2CE2B89D0049A487 /* PBXContainerItemProxy */ = {
			isa = PBXContainerItemProxy;
			containerPortal = BE5F27EC22F035AF00F2C97D /* Project object */;
			proxyType = 1;
			remoteGlobalIDString = BE5F27F322F035AF00F2C97D;
			remoteInfo = "Clothes Store";
		};
/* End PBXContainerItemProxy section */

/* Begin PBXFileReference section */
		1F0009712CE119BA00F7BFD6 /* Coordinator.swift */ = {isa = PBXFileReference; lastKnownFileType = sourcecode.swift; path = Coordinator.swift; sourceTree = "<group>"; };
		1F0009732CE11A7400F7BFD6 /* MainTabView.swift */ = {isa = PBXFileReference; lastKnownFileType = sourcecode.swift; path = MainTabView.swift; sourceTree = "<group>"; };
		1F0009B02CE130A200F7BFD6 /* StoreManager.swift */ = {isa = PBXFileReference; lastKnownFileType = sourcecode.swift; path = StoreManager.swift; sourceTree = "<group>"; };
		1F0009B22CE130CF00F7BFD6 /* NNSNotificationName+Extensions.swift */ = {isa = PBXFileReference; lastKnownFileType = sourcecode.swift; path = "NNSNotificationName+Extensions.swift"; sourceTree = "<group>"; };
		1F0009D52CE1452300F7BFD6 /* Storyboard+Extensions.swift */ = {isa = PBXFileReference; lastKnownFileType = sourcecode.swift; path = "Storyboard+Extensions.swift"; sourceTree = "<group>"; };
		1F0009DA2CE14B3D00F7BFD6 /* CoreDataManager.swift */ = {isa = PBXFileReference; lastKnownFileType = sourcecode.swift; path = CoreDataManager.swift; sourceTree = "<group>"; };
		1F1C43DF2CE28F260036D340 /* ClothesStoreData.xcdatamodel */ = {isa = PBXFileReference; lastKnownFileType = wrapper.xcdatamodel; path = ClothesStoreData.xcdatamodel; sourceTree = "<group>"; };
		1F8B76732CE2BAED00CF2AE1 /* MockStoreManager.swift */ = {isa = PBXFileReference; lastKnownFileType = sourcecode.swift; path = MockStoreManager.swift; sourceTree = "<group>"; };
		1F8B767A2CE2BCE900CF2AE1 /* Container.swift */ = {isa = PBXFileReference; lastKnownFileType = sourcecode.swift; path = Container.swift; sourceTree = "<group>"; };
		1FA11E2E2CE2B4290049A487 /* MockCoreDataManager.swift */ = {isa = PBXFileReference; lastKnownFileType = sourcecode.swift; path = MockCoreDataManager.swift; sourceTree = "<group>"; };
		1FA11E6A2CE2B89D0049A487 /* ClothesStore_UnitTests.xctest */ = {isa = PBXFileReference; explicitFileType = wrapper.cfbundle; includeInIndex = 0; path = ClothesStore_UnitTests.xctest; sourceTree = BUILT_PRODUCTS_DIR; };
		1FE5C0A12CE2D5C300BF4C21 /* String+Extensions.swift */ = {isa = PBXFileReference; lastKnownFileType = sourcecode.swift; path = "String+Extensions.swift"; sourceTree = "<group>"; };
		1FE5C0A52CE2D5F800BF4C21 /* en */ = {isa = PBXFileReference; lastKnownFileType = text.plist.strings; name = en; path = en.lproj/Localizable.strings; sourceTree = "<group>"; };
		BE5F27F422F035AF00F2C97D /* Clothes Store.app */ = {isa = PBXFileReference; explicitFileType = wrapper.application; includeInIndex = 0; path = "Clothes Store.app"; sourceTree = BUILT_PRODUCTS_DIR; };
		BE5F27F722F035AF00F2C97D /* AppDelegate.swift */ = {isa = PBXFileReference; lastKnownFileType = sourcecode.swift; path = AppDelegate.swift; sourceTree = "<group>"; };
		BE5F280022F035B100F2C97D /* Assets.xcassets */ = {isa = PBXFileReference; lastKnownFileType = folder.assetcatalog; path = Assets.xcassets; sourceTree = "<group>"; };
		BE5F280322F035B100F2C97D /* Base */ = {isa = PBXFileReference; lastKnownFileType = file.storyboard; name = Base; path = Base.lproj/LaunchScreen.storyboard; sourceTree = "<group>"; };
		BE5F280522F035B100F2C97D /* Info.plist */ = {isa = PBXFileReference; lastKnownFileType = text.plist.xml; path = Info.plist; sourceTree = "<group>"; };
		BE5F280B22F05C3E00F2C97D /* DataService.swift */ = {isa = PBXFileReference; lastKnownFileType = sourcecode.swift; path = DataService.swift; sourceTree = "<group>"; };
		BE5F280D22F05C8600F2C97D /* Product.swift */ = {isa = PBXFileReference; lastKnownFileType = sourcecode.swift; path = Product.swift; sourceTree = "<group>"; };
		BE5F280F22F05D0300F2C97D /* Constants.swift */ = {isa = PBXFileReference; lastKnownFileType = sourcecode.swift; path = Constants.swift; sourceTree = "<group>"; };
		BE5F281122F05FFA00F2C97D /* CurrencyHelpers.swift */ = {isa = PBXFileReference; lastKnownFileType = sourcecode.swift; path = CurrencyHelpers.swift; sourceTree = "<group>"; };
		BE5F281322F068C500F2C97D /* UIView+Extensions.swift */ = {isa = PBXFileReference; fileEncoding = 4; lastKnownFileType = sourcecode.swift; path = "UIView+Extensions.swift"; sourceTree = "<group>"; };
		BE5F282122F19C0200F2C97D /* HapticFeedback.swift */ = {isa = PBXFileReference; fileEncoding = 4; lastKnownFileType = sourcecode.swift; path = HapticFeedback.swift; sourceTree = "<group>"; };
		BE5F282322F1A13600F2C97D /* HUD.swift */ = {isa = PBXFileReference; lastKnownFileType = sourcecode.swift; path = HUD.swift; sourceTree = "<group>"; };
/* End PBXFileReference section */

/* Begin PBXFileSystemSynchronizedRootGroup section */
		1F0009802CE11E2200F7BFD6 /* Modules */ = {isa = PBXFileSystemSynchronizedRootGroup; explicitFileTypes = {}; explicitFolders = (); path = Modules; sourceTree = "<group>"; };
		1FA11E6B2CE2B89D0049A487 /* ClothesStore_UnitTests */ = {isa = PBXFileSystemSynchronizedRootGroup; explicitFileTypes = {}; explicitFolders = (); path = ClothesStore_UnitTests; sourceTree = "<group>"; };
/* End PBXFileSystemSynchronizedRootGroup section */

/* Begin PBXFrameworksBuildPhase section */
		1FA11E672CE2B89D0049A487 /* Frameworks */ = {
			isa = PBXFrameworksBuildPhase;
			buildActionMask = 2147483647;
			files = (
			);
			runOnlyForDeploymentPostprocessing = 0;
		};
		BE5F27F122F035AF00F2C97D /* Frameworks */ = {
			isa = PBXFrameworksBuildPhase;
			buildActionMask = 2147483647;
			files = (
				1F0009B62CE1403800F7BFD6 /* Kingfisher in Frameworks */,
				1F8B767E2CE2BD0B00CF2AE1 /* Factory in Frameworks */,
			);
			runOnlyForDeploymentPostprocessing = 0;
		};
/* End PBXFrameworksBuildPhase section */

/* Begin PBXGroup section */
		1F0009AF2CE1309D00F7BFD6 /* Managers */ = {
			isa = PBXGroup;
			children = (
				1F0009DA2CE14B3D00F7BFD6 /* CoreDataManager.swift */,
				1F0009B02CE130A200F7BFD6 /* StoreManager.swift */,
			);
			path = Managers;
			sourceTree = "<group>";
		};
		1F0009D72CE1453C00F7BFD6 /* Extensions */ = {
			isa = PBXGroup;
			children = (
				1F0009D52CE1452300F7BFD6 /* Storyboard+Extensions.swift */,
				1F0009B22CE130CF00F7BFD6 /* NNSNotificationName+Extensions.swift */,
				1FE5C0A12CE2D5C300BF4C21 /* String+Extensions.swift */,
			);
			path = Extensions;
			sourceTree = "<group>";
		};
		1F1C43DB2CE28F090036D340 /* CoreData */ = {
			isa = PBXGroup;
			children = (
				1F1C43DE2CE28F260036D340 /* ClothesStoreData.xcdatamodeld */,
			);
			path = CoreData;
			sourceTree = "<group>";
		};
		1FA11E2D2CE2B4240049A487 /* Mocks */ = {
			isa = PBXGroup;
			children = (
				1F8B76732CE2BAED00CF2AE1 /* MockStoreManager.swift */,
				1FA11E2E2CE2B4290049A487 /* MockCoreDataManager.swift */,
			);
			path = Mocks;
			sourceTree = "<group>";
		};
		1FE5C0A02CE2D59700BF4C21 /* Localization */ = {
			isa = PBXGroup;
			children = (
				1FE5C0A42CE2D5F800BF4C21 /* Localizable.strings */,
			);
			path = Localization;
			sourceTree = "<group>";
		};
		BE5F27EB22F035AF00F2C97D = {
			isa = PBXGroup;
			children = (
				BE5F27F622F035AF00F2C97D /* Clothes Store */,
				1FA11E6B2CE2B89D0049A487 /* ClothesStore_UnitTests */,
				BE5F27F522F035AF00F2C97D /* Products */,
			);
			sourceTree = "<group>";
		};
		BE5F27F522F035AF00F2C97D /* Products */ = {
			isa = PBXGroup;
			children = (
				BE5F27F422F035AF00F2C97D /* Clothes Store.app */,
				1FA11E6A2CE2B89D0049A487 /* ClothesStore_UnitTests.xctest */,
			);
			name = Products;
			sourceTree = "<group>";
		};
		BE5F27F622F035AF00F2C97D /* Clothes Store */ = {
			isa = PBXGroup;
			children = (
				1FA11E2D2CE2B4240049A487 /* Mocks */,
				1F0009AF2CE1309D00F7BFD6 /* Managers */,
				1F0009802CE11E2200F7BFD6 /* Modules */,
				BE5F282C22F24E2100F2C97D /* Helpers */,
				BE5F283322F2506600F2C97D /* Resources */,
				BE5F283422F2508700F2C97D /* Supporting Files */,
			);
			path = "Clothes Store";
			sourceTree = "<group>";
		};
		BE5F282922F24D9A00F2C97D /* Models */ = {
			isa = PBXGroup;
			children = (
				1F1C43DB2CE28F090036D340 /* CoreData */,
				BE5F280D22F05C8600F2C97D /* Product.swift */,
				BE5F280F22F05D0300F2C97D /* Constants.swift */,
				BE5F280B22F05C3E00F2C97D /* DataService.swift */,
			);
			path = Models;
			sourceTree = "<group>";
		};
		BE5F282C22F24E2100F2C97D /* Helpers */ = {
			isa = PBXGroup;
			children = (
				BE5F282922F24D9A00F2C97D /* Models */,
				1F0009D72CE1453C00F7BFD6 /* Extensions */,
				BE5F281122F05FFA00F2C97D /* CurrencyHelpers.swift */,
				BE5F281322F068C500F2C97D /* UIView+Extensions.swift */,
				BE5F282122F19C0200F2C97D /* HapticFeedback.swift */,
				BE5F282322F1A13600F2C97D /* HUD.swift */,
			);
			path = Helpers;
			sourceTree = "<group>";
		};
		BE5F283322F2506600F2C97D /* Resources */ = {
			isa = PBXGroup;
			children = (
				1FE5C0A02CE2D59700BF4C21 /* Localization */,
				1F8B767A2CE2BCE900CF2AE1 /* Container.swift */,
				1F0009712CE119BA00F7BFD6 /* Coordinator.swift */,
				BE5F27F722F035AF00F2C97D /* AppDelegate.swift */,
				BE5F280022F035B100F2C97D /* Assets.xcassets */,
				BE5F280222F035B100F2C97D /* LaunchScreen.storyboard */,
				1F0009732CE11A7400F7BFD6 /* MainTabView.swift */,
			);
			path = Resources;
			sourceTree = "<group>";
		};
		BE5F283422F2508700F2C97D /* Supporting Files */ = {
			isa = PBXGroup;
			children = (
				BE5F280522F035B100F2C97D /* Info.plist */,
			);
			path = "Supporting Files";
			sourceTree = "<group>";
		};
/* End PBXGroup section */

/* Begin PBXNativeTarget section */
		1FA11E692CE2B89D0049A487 /* ClothesStore_UnitTests */ = {
			isa = PBXNativeTarget;
			buildConfigurationList = 1FA11E702CE2B89D0049A487 /* Build configuration list for PBXNativeTarget "ClothesStore_UnitTests" */;
			buildPhases = (
				1FA11E662CE2B89D0049A487 /* Sources */,
				1FA11E672CE2B89D0049A487 /* Frameworks */,
				1FA11E682CE2B89D0049A487 /* Resources */,
			);
			buildRules = (
			);
			dependencies = (
				1FA11E6F2CE2B89D0049A487 /* PBXTargetDependency */,
			);
			fileSystemSynchronizedGroups = (
				1FA11E6B2CE2B89D0049A487 /* ClothesStore_UnitTests */,
			);
			name = ClothesStore_UnitTests;
			packageProductDependencies = (
			);
			productName = ClothesStore_UnitTests;
			productReference = 1FA11E6A2CE2B89D0049A487 /* ClothesStore_UnitTests.xctest */;
			productType = "com.apple.product-type.bundle.unit-test";
		};
		BE5F27F322F035AF00F2C97D /* Clothes Store */ = {
			isa = PBXNativeTarget;
			buildConfigurationList = BE5F280822F035B100F2C97D /* Build configuration list for PBXNativeTarget "Clothes Store" */;
			buildPhases = (
				BE5F27F022F035AF00F2C97D /* Sources */,
				BE5F27F122F035AF00F2C97D /* Frameworks */,
				BE5F27F222F035AF00F2C97D /* Resources */,
			);
			buildRules = (
			);
			dependencies = (
			);
			fileSystemSynchronizedGroups = (
				1F0009802CE11E2200F7BFD6 /* Modules */,
			);
			name = "Clothes Store";
			packageProductDependencies = (
				1F0009B52CE1403800F7BFD6 /* Kingfisher */,
				1F8B767D2CE2BD0B00CF2AE1 /* Factory */,
			);
			productName = "Clothes Store";
			productReference = BE5F27F422F035AF00F2C97D /* Clothes Store.app */;
			productType = "com.apple.product-type.application";
		};
/* End PBXNativeTarget section */

/* Begin PBXProject section */
		BE5F27EC22F035AF00F2C97D /* Project object */ = {
			isa = PBXProject;
			attributes = {
				LastSwiftUpdateCheck = 1600;
				LastUpgradeCheck = 1240;
				ORGANIZATIONNAME = RichieHope;
				TargetAttributes = {
					1FA11E692CE2B89D0049A487 = {
						CreatedOnToolsVersion = 16.0;
						TestTargetID = BE5F27F322F035AF00F2C97D;
					};
					BE5F27F322F035AF00F2C97D = {
						CreatedOnToolsVersion = 10.2.1;
					};
				};
			};
			buildConfigurationList = BE5F27EF22F035AF00F2C97D /* Build configuration list for PBXProject "Clothes Store" */;
			compatibilityVersion = "Xcode 9.3";
			developmentRegion = en;
			hasScannedForEncodings = 0;
			knownRegions = (
				en,
				Base,
			);
			mainGroup = BE5F27EB22F035AF00F2C97D;
			packageReferences = (
				1F0009B42CE1403800F7BFD6 /* XCRemoteSwiftPackageReference "Kingfisher" */,
				1F8B767C2CE2BD0B00CF2AE1 /* XCRemoteSwiftPackageReference "Factory" */,
			);
			productRefGroup = BE5F27F522F035AF00F2C97D /* Products */;
			projectDirPath = "";
			projectRoot = "";
			targets = (
				BE5F27F322F035AF00F2C97D /* Clothes Store */,
				1FA11E692CE2B89D0049A487 /* ClothesStore_UnitTests */,
			);
		};
/* End PBXProject section */

/* Begin PBXResourcesBuildPhase section */
		1FA11E682CE2B89D0049A487 /* Resources */ = {
			isa = PBXResourcesBuildPhase;
			buildActionMask = 2147483647;
			files = (
			);
			runOnlyForDeploymentPostprocessing = 0;
		};
		BE5F27F222F035AF00F2C97D /* Resources */ = {
			isa = PBXResourcesBuildPhase;
			buildActionMask = 2147483647;
			files = (
				BE5F280422F035B100F2C97D /* LaunchScreen.storyboard in Resources */,
				1FE5C0A62CE2D5F800BF4C21 /* Localizable.strings in Resources */,
				BE5F280122F035B100F2C97D /* Assets.xcassets in Resources */,
			);
			runOnlyForDeploymentPostprocessing = 0;
		};
/* End PBXResourcesBuildPhase section */

/* Begin PBXSourcesBuildPhase section */
		1FA11E662CE2B89D0049A487 /* Sources */ = {
			isa = PBXSourcesBuildPhase;
			buildActionMask = 2147483647;
			files = (
			);
			runOnlyForDeploymentPostprocessing = 0;
		};
		BE5F27F022F035AF00F2C97D /* Sources */ = {
			isa = PBXSourcesBuildPhase;
			buildActionMask = 2147483647;
			files = (
				BE5F282222F19C0300F2C97D /* HapticFeedback.swift in Sources */,
				1FE5C0A22CE2D5C300BF4C21 /* String+Extensions.swift in Sources */,
				1F0009D62CE1452300F7BFD6 /* Storyboard+Extensions.swift in Sources */,
				1F0009722CE119BD00F7BFD6 /* Coordinator.swift in Sources */,
				BE5F27F822F035AF00F2C97D /* AppDelegate.swift in Sources */,
				1F8B76742CE2BAF100CF2AE1 /* MockStoreManager.swift in Sources */,
				BE5F281222F05FFA00F2C97D /* CurrencyHelpers.swift in Sources */,
				BE5F282422F1A13600F2C97D /* HUD.swift in Sources */,
				BE5F280C22F05C3E00F2C97D /* DataService.swift in Sources */,
				BE5F280E22F05C8600F2C97D /* Product.swift in Sources */,
				1F0009B32CE130D700F7BFD6 /* NNSNotificationName+Extensions.swift in Sources */,
				1F1C43E02CE28F260036D340 /* ClothesStoreData.xcdatamodeld in Sources */,
				1F0009B12CE130AA00F7BFD6 /* StoreManager.swift in Sources */,
				1FA11E2F2CE2B42F0049A487 /* MockCoreDataManager.swift in Sources */,
				BE5F281422F068C500F2C97D /* UIView+Extensions.swift in Sources */,
				1F0009DB2CE14B4100F7BFD6 /* CoreDataManager.swift in Sources */,
				BE5F281022F05D0300F2C97D /* Constants.swift in Sources */,
				1F8B767B2CE2BCED00CF2AE1 /* Container.swift in Sources */,
				1F0009742CE11A7700F7BFD6 /* MainTabView.swift in Sources */,
			);
			runOnlyForDeploymentPostprocessing = 0;
		};
/* End PBXSourcesBuildPhase section */

/* Begin PBXTargetDependency section */
		1FA11E6F2CE2B89D0049A487 /* PBXTargetDependency */ = {
			isa = PBXTargetDependency;
			target = BE5F27F322F035AF00F2C97D /* Clothes Store */;
			targetProxy = 1FA11E6E2CE2B89D0049A487 /* PBXContainerItemProxy */;
		};
/* End PBXTargetDependency section */

/* Begin PBXVariantGroup section */
		1FE5C0A42CE2D5F800BF4C21 /* Localizable.strings */ = {
			isa = PBXVariantGroup;
			children = (
				1FE5C0A52CE2D5F800BF4C21 /* en */,
			);
			name = Localizable.strings;
			sourceTree = "<group>";
		};
		BE5F280222F035B100F2C97D /* LaunchScreen.storyboard */ = {
			isa = PBXVariantGroup;
			children = (
				BE5F280322F035B100F2C97D /* Base */,
			);
			name = LaunchScreen.storyboard;
			sourceTree = "<group>";
		};
/* End PBXVariantGroup section */

/* Begin XCBuildConfiguration section */
		1FA11E712CE2B89D0049A487 /* Debug */ = {
			isa = XCBuildConfiguration;
			buildSettings = {
				ASSETCATALOG_COMPILER_GENERATE_SWIFT_ASSET_SYMBOL_EXTENSIONS = YES;
				BUNDLE_LOADER = "$(TEST_HOST)";
				CLANG_CXX_LANGUAGE_STANDARD = "gnu++20";
				CODE_SIGN_STYLE = Automatic;
				CURRENT_PROJECT_VERSION = 1;
				DEVELOPMENT_TEAM = DK9FCM477U;
				ENABLE_USER_SCRIPT_SANDBOXING = YES;
				GCC_C_LANGUAGE_STANDARD = gnu17;
				GENERATE_INFOPLIST_FILE = YES;
				IPHONEOS_DEPLOYMENT_TARGET = 18.0;
				LOCALIZATION_PREFERS_STRING_CATALOGS = YES;
				MARKETING_VERSION = 1.0;
				PRODUCT_BUNDLE_IDENTIFIER = "com.raivis.ClothesStore-UnitTests";
				PRODUCT_NAME = "$(TARGET_NAME)";
				SWIFT_ACTIVE_COMPILATION_CONDITIONS = "DEBUG $(inherited)";
				SWIFT_EMIT_LOC_STRINGS = NO;
				SWIFT_VERSION = 5.0;
				TARGETED_DEVICE_FAMILY = "1,2";
				TEST_HOST = "$(BUILT_PRODUCTS_DIR)/Clothes Store.app/$(BUNDLE_EXECUTABLE_FOLDER_PATH)/Clothes Store";
			};
			name = Debug;
		};
		1FA11E722CE2B89D0049A487 /* Release */ = {
			isa = XCBuildConfiguration;
			buildSettings = {
				ASSETCATALOG_COMPILER_GENERATE_SWIFT_ASSET_SYMBOL_EXTENSIONS = YES;
				BUNDLE_LOADER = "$(TEST_HOST)";
				CLANG_CXX_LANGUAGE_STANDARD = "gnu++20";
				CODE_SIGN_STYLE = Automatic;
				CURRENT_PROJECT_VERSION = 1;
				DEVELOPMENT_TEAM = DK9FCM477U;
				ENABLE_USER_SCRIPT_SANDBOXING = YES;
				GCC_C_LANGUAGE_STANDARD = gnu17;
				GENERATE_INFOPLIST_FILE = YES;
				IPHONEOS_DEPLOYMENT_TARGET = 18.0;
				LOCALIZATION_PREFERS_STRING_CATALOGS = YES;
				MARKETING_VERSION = 1.0;
				PRODUCT_BUNDLE_IDENTIFIER = "com.raivis.ClothesStore-UnitTests";
				PRODUCT_NAME = "$(TARGET_NAME)";
				SWIFT_EMIT_LOC_STRINGS = NO;
				SWIFT_VERSION = 5.0;
				TARGETED_DEVICE_FAMILY = "1,2";
				TEST_HOST = "$(BUILT_PRODUCTS_DIR)/Clothes Store.app/$(BUNDLE_EXECUTABLE_FOLDER_PATH)/Clothes Store";
			};
			name = Release;
		};
		BE5F280622F035B100F2C97D /* Debug */ = {
			isa = XCBuildConfiguration;
			buildSettings = {
				ALWAYS_SEARCH_USER_PATHS = NO;
				CLANG_ANALYZER_NONNULL = YES;
				CLANG_ANALYZER_NUMBER_OBJECT_CONVERSION = YES_AGGRESSIVE;
				CLANG_CXX_LANGUAGE_STANDARD = "gnu++14";
				CLANG_CXX_LIBRARY = "libc++";
				CLANG_ENABLE_MODULES = YES;
				CLANG_ENABLE_OBJC_ARC = YES;
				CLANG_ENABLE_OBJC_WEAK = YES;
				CLANG_WARN_BLOCK_CAPTURE_AUTORELEASING = YES;
				CLANG_WARN_BOOL_CONVERSION = YES;
				CLANG_WARN_COMMA = YES;
				CLANG_WARN_CONSTANT_CONVERSION = YES;
				CLANG_WARN_DEPRECATED_OBJC_IMPLEMENTATIONS = YES;
				CLANG_WARN_DIRECT_OBJC_ISA_USAGE = YES_ERROR;
				CLANG_WARN_DOCUMENTATION_COMMENTS = YES;
				CLANG_WARN_EMPTY_BODY = YES;
				CLANG_WARN_ENUM_CONVERSION = YES;
				CLANG_WARN_INFINITE_RECURSION = YES;
				CLANG_WARN_INT_CONVERSION = YES;
				CLANG_WARN_NON_LITERAL_NULL_CONVERSION = YES;
				CLANG_WARN_OBJC_IMPLICIT_RETAIN_SELF = YES;
				CLANG_WARN_OBJC_LITERAL_CONVERSION = YES;
				CLANG_WARN_OBJC_ROOT_CLASS = YES_ERROR;
				CLANG_WARN_QUOTED_INCLUDE_IN_FRAMEWORK_HEADER = YES;
				CLANG_WARN_RANGE_LOOP_ANALYSIS = YES;
				CLANG_WARN_STRICT_PROTOTYPES = YES;
				CLANG_WARN_SUSPICIOUS_MOVE = YES;
				CLANG_WARN_UNGUARDED_AVAILABILITY = YES_AGGRESSIVE;
				CLANG_WARN_UNREACHABLE_CODE = YES;
				CLANG_WARN__DUPLICATE_METHOD_MATCH = YES;
				CODE_SIGN_IDENTITY = "iPhone Developer";
				COPY_PHASE_STRIP = NO;
				DEBUG_INFORMATION_FORMAT = dwarf;
				ENABLE_STRICT_OBJC_MSGSEND = YES;
				ENABLE_TESTABILITY = YES;
				GCC_C_LANGUAGE_STANDARD = gnu11;
				GCC_DYNAMIC_NO_PIC = NO;
				GCC_NO_COMMON_BLOCKS = YES;
				GCC_OPTIMIZATION_LEVEL = 0;
				GCC_PREPROCESSOR_DEFINITIONS = (
					"DEBUG=1",
					"$(inherited)",
				);
				GCC_WARN_64_TO_32_BIT_CONVERSION = YES;
				GCC_WARN_ABOUT_RETURN_TYPE = YES_ERROR;
				GCC_WARN_UNDECLARED_SELECTOR = YES;
				GCC_WARN_UNINITIALIZED_AUTOS = YES_AGGRESSIVE;
				GCC_WARN_UNUSED_FUNCTION = YES;
				GCC_WARN_UNUSED_VARIABLE = YES;
				IPHONEOS_DEPLOYMENT_TARGET = 12.0;
				MTL_ENABLE_DEBUG_INFO = INCLUDE_SOURCE;
				MTL_FAST_MATH = YES;
				ONLY_ACTIVE_ARCH = YES;
				SDKROOT = iphoneos;
				SWIFT_ACTIVE_COMPILATION_CONDITIONS = DEBUG;
				SWIFT_OPTIMIZATION_LEVEL = "-Onone";
			};
			name = Debug;
		};
		BE5F280722F035B100F2C97D /* Release */ = {
			isa = XCBuildConfiguration;
			buildSettings = {
				ALWAYS_SEARCH_USER_PATHS = NO;
				CLANG_ANALYZER_NONNULL = YES;
				CLANG_ANALYZER_NUMBER_OBJECT_CONVERSION = YES_AGGRESSIVE;
				CLANG_CXX_LANGUAGE_STANDARD = "gnu++14";
				CLANG_CXX_LIBRARY = "libc++";
				CLANG_ENABLE_MODULES = YES;
				CLANG_ENABLE_OBJC_ARC = YES;
				CLANG_ENABLE_OBJC_WEAK = YES;
				CLANG_WARN_BLOCK_CAPTURE_AUTORELEASING = YES;
				CLANG_WARN_BOOL_CONVERSION = YES;
				CLANG_WARN_COMMA = YES;
				CLANG_WARN_CONSTANT_CONVERSION = YES;
				CLANG_WARN_DEPRECATED_OBJC_IMPLEMENTATIONS = YES;
				CLANG_WARN_DIRECT_OBJC_ISA_USAGE = YES_ERROR;
				CLANG_WARN_DOCUMENTATION_COMMENTS = YES;
				CLANG_WARN_EMPTY_BODY = YES;
				CLANG_WARN_ENUM_CONVERSION = YES;
				CLANG_WARN_INFINITE_RECURSION = YES;
				CLANG_WARN_INT_CONVERSION = YES;
				CLANG_WARN_NON_LITERAL_NULL_CONVERSION = YES;
				CLANG_WARN_OBJC_IMPLICIT_RETAIN_SELF = YES;
				CLANG_WARN_OBJC_LITERAL_CONVERSION = YES;
				CLANG_WARN_OBJC_ROOT_CLASS = YES_ERROR;
				CLANG_WARN_QUOTED_INCLUDE_IN_FRAMEWORK_HEADER = YES;
				CLANG_WARN_RANGE_LOOP_ANALYSIS = YES;
				CLANG_WARN_STRICT_PROTOTYPES = YES;
				CLANG_WARN_SUSPICIOUS_MOVE = YES;
				CLANG_WARN_UNGUARDED_AVAILABILITY = YES_AGGRESSIVE;
				CLANG_WARN_UNREACHABLE_CODE = YES;
				CLANG_WARN__DUPLICATE_METHOD_MATCH = YES;
				CODE_SIGN_IDENTITY = "iPhone Developer";
				COPY_PHASE_STRIP = NO;
				DEBUG_INFORMATION_FORMAT = "dwarf-with-dsym";
				ENABLE_NS_ASSERTIONS = NO;
				ENABLE_STRICT_OBJC_MSGSEND = YES;
				GCC_C_LANGUAGE_STANDARD = gnu11;
				GCC_NO_COMMON_BLOCKS = YES;
				GCC_WARN_64_TO_32_BIT_CONVERSION = YES;
				GCC_WARN_ABOUT_RETURN_TYPE = YES_ERROR;
				GCC_WARN_UNDECLARED_SELECTOR = YES;
				GCC_WARN_UNINITIALIZED_AUTOS = YES_AGGRESSIVE;
				GCC_WARN_UNUSED_FUNCTION = YES;
				GCC_WARN_UNUSED_VARIABLE = YES;
				IPHONEOS_DEPLOYMENT_TARGET = 12.0;
				MTL_ENABLE_DEBUG_INFO = NO;
				MTL_FAST_MATH = YES;
				SDKROOT = iphoneos;
				SWIFT_COMPILATION_MODE = wholemodule;
				SWIFT_OPTIMIZATION_LEVEL = "-O";
				VALIDATE_PRODUCT = YES;
			};
			name = Release;
		};
		BE5F280922F035B100F2C97D /* Debug */ = {
			isa = XCBuildConfiguration;
			buildSettings = {
				ASSETCATALOG_COMPILER_APPICON_NAME = AppIcon;
				CODE_SIGN_STYLE = Automatic;
				DEVELOPMENT_TEAM = DK9FCM477U;
				INFOPLIST_FILE = "$(SRCROOT)/Clothes Store/Supporting Files/Info.plist";
				IPHONEOS_DEPLOYMENT_TARGET = 16.6;
				LD_RUNPATH_SEARCH_PATHS = (
					"$(inherited)",
					"@executable_path/Frameworks",
				);
				PRODUCT_BUNDLE_IDENTIFIER = "com.Deloitte.Clothes-Store";
				PRODUCT_NAME = "$(TARGET_NAME)";
				SWIFT_VERSION = 5.0;
				TARGETED_DEVICE_FAMILY = 1;
			};
			name = Debug;
		};
		BE5F280A22F035B100F2C97D /* Release */ = {
			isa = XCBuildConfiguration;
			buildSettings = {
				ASSETCATALOG_COMPILER_APPICON_NAME = AppIcon;
				CODE_SIGN_STYLE = Automatic;
				DEVELOPMENT_TEAM = DK9FCM477U;
				INFOPLIST_FILE = "$(SRCROOT)/Clothes Store/Supporting Files/Info.plist";
				IPHONEOS_DEPLOYMENT_TARGET = 16.6;
				LD_RUNPATH_SEARCH_PATHS = (
					"$(inherited)",
					"@executable_path/Frameworks",
				);
				PRODUCT_BUNDLE_IDENTIFIER = "com.Deloitte.Clothes-Store";
				PRODUCT_NAME = "$(TARGET_NAME)";
				SWIFT_VERSION = 5.0;
				TARGETED_DEVICE_FAMILY = 1;
			};
			name = Release;
		};
/* End XCBuildConfiguration section */

/* Begin XCConfigurationList section */
		1FA11E702CE2B89D0049A487 /* Build configuration list for PBXNativeTarget "ClothesStore_UnitTests" */ = {
			isa = XCConfigurationList;
			buildConfigurations = (
				1FA11E712CE2B89D0049A487 /* Debug */,
				1FA11E722CE2B89D0049A487 /* Release */,
			);
			defaultConfigurationIsVisible = 0;
			defaultConfigurationName = Release;
		};
		BE5F27EF22F035AF00F2C97D /* Build configuration list for PBXProject "Clothes Store" */ = {
			isa = XCConfigurationList;
			buildConfigurations = (
				BE5F280622F035B100F2C97D /* Debug */,
				BE5F280722F035B100F2C97D /* Release */,
			);
			defaultConfigurationIsVisible = 0;
			defaultConfigurationName = Release;
		};
		BE5F280822F035B100F2C97D /* Build configuration list for PBXNativeTarget "Clothes Store" */ = {
			isa = XCConfigurationList;
			buildConfigurations = (
				BE5F280922F035B100F2C97D /* Debug */,
				BE5F280A22F035B100F2C97D /* Release */,
			);
			defaultConfigurationIsVisible = 0;
			defaultConfigurationName = Release;
		};
/* End XCConfigurationList section */

/* Begin XCRemoteSwiftPackageReference section */
		1F0009B42CE1403800F7BFD6 /* XCRemoteSwiftPackageReference "Kingfisher" */ = {
			isa = XCRemoteSwiftPackageReference;
			repositoryURL = "https://github.com/onevcat/Kingfisher";
			requirement = {
				kind = upToNextMajorVersion;
				minimumVersion = 8.1.0;
			};
		};
		1F8B767C2CE2BD0B00CF2AE1 /* XCRemoteSwiftPackageReference "Factory" */ = {
			isa = XCRemoteSwiftPackageReference;
			repositoryURL = "https://github.com/hmlongco/Factory";
			requirement = {
				kind = upToNextMajorVersion;
				minimumVersion = 2.4.1;
			};
		};
/* End XCRemoteSwiftPackageReference section */

/* Begin XCSwiftPackageProductDependency section */
		1F0009B52CE1403800F7BFD6 /* Kingfisher */ = {
			isa = XCSwiftPackageProductDependency;
			package = 1F0009B42CE1403800F7BFD6 /* XCRemoteSwiftPackageReference "Kingfisher" */;
			productName = Kingfisher;
		};
		1F8B767D2CE2BD0B00CF2AE1 /* Factory */ = {
			isa = XCSwiftPackageProductDependency;
			package = 1F8B767C2CE2BD0B00CF2AE1 /* XCRemoteSwiftPackageReference "Factory" */;
			productName = Factory;
		};
/* End XCSwiftPackageProductDependency section */

/* Begin XCVersionGroup section */
		1F1C43DE2CE28F260036D340 /* ClothesStoreData.xcdatamodeld */ = {
			isa = XCVersionGroup;
			children = (
				1F1C43DF2CE28F260036D340 /* ClothesStoreData.xcdatamodel */,
			);
			currentVersion = 1F1C43DF2CE28F260036D340 /* ClothesStoreData.xcdatamodel */;
			path = ClothesStoreData.xcdatamodeld;
			sourceTree = "<group>";
			versionGroupType = wrapper.xcdatamodel;
		};
/* End XCVersionGroup section */
	};
	rootObject = BE5F27EC22F035AF00F2C97D /* Project object */;
}
